<?xml version="1.0" encoding="utf-8"?>
<Project ToolsVersion="4.0" xmlns="http://schemas.microsoft.com/developer/msbuild/2003">
  <ItemGroup>
    <Filter Include="impl">
      <UniqueIdentifier>{66bd09ff-e96a-4bd7-af02-b6c21ba37359}</UniqueIdentifier>
    </Filter>
  </ItemGroup>
  <ItemGroup>
    <ClCompile Include="dllmain.cpp" />
    <ClCompile Include="dumper.cpp">
      <Filter>impl</Filter>
    </ClCompile>
  </ItemGroup>
  <ItemGroup>
    <ClInclude Include="il2cpp_lib.hpp">
      <Filter>impl</Filter>
    </ClInclude>
    <ClInclude Include="dumper.hpp">
      <Filter>impl</Filter>
    </ClInclude>
  </ItemGroup>
</Project>